
Microsoft Visual Studio Solution File, Format Version 12.00
# Visual Studio Version 16
VisualStudioVersion = 16.0.29613.14
MinimumVisualStudioVersion = 10.0.40219.1
Project("{FAE04EC0-301F-11D3-BF4B-00C04F79EFBC}") = "ClaimSample.Web", "ClaimSample.Web\ClaimSample.Web.csproj", "{38FD1042-FF87-4F13-BDB6-2332A6599581}"
EndProject
Project("{FAE04EC0-301F-11D3-BF4B-00C04F79EFBC}") = "ClaimSample.DataLayer", "ClaimSample.DataLayer\ClaimSample.DataLayer.csproj", "{7EA02EDF-F6D6-4429-96D0-03D565F1EAFF}"
EndProject
Project("{FAE04EC0-301F-11D3-BF4B-00C04F79EFBC}") = "ClaimSample.Core", "ClaimSample.Core\ClaimSample.Core.csproj", "{919F636B-EAF4-42D8-90A9-A5CF64F15DDE}"
EndProject
Global
	GlobalSection(SolutionConfigurationPlatforms) = preSolution
		Debug|Any CPU = Debug|Any CPU
		Release|Any CPU = Release|Any CPU
	EndGlobalSection
	GlobalSection(ProjectConfigurationPlatforms) = postSolution
		{38FD1042-FF87-4F13-BDB6-2332A6599581}.Debug|Any CPU.ActiveCfg = Debug|Any CPU
		{38FD1042-FF87-4F13-BDB6-2332A6599581}.Debug|Any CPU.Build.0 = Debug|Any CPU
		{38FD1042-FF87-4F13-BDB6-2332A6599581}.Release|Any CPU.ActiveCfg = Release|Any CPU
		{38FD1042-FF87-4F13-BDB6-2332A6599581}.Release|Any CPU.Build.0 = Release|Any CPU
		{7EA02EDF-F6D6-4429-96D0-03D565F1EAFF}.Debug|Any CPU.ActiveCfg = Debug|Any CPU
		{7EA02EDF-F6D6-4429-96D0-03D565F1EAFF}.Debug|Any CPU.Build.0 = Debug|Any CPU
		{7EA02EDF-F6D6-4429-96D0-03D565F1EAFF}.Release|Any CPU.ActiveCfg = Release|Any CPU
		{7EA02EDF-F6D6-4429-96D0-03D565F1EAFF}.Release|Any CPU.Build.0 = Release|Any CPU
		{919F636B-EAF4-42D8-90A9-A5CF64F15DDE}.Debug|Any CPU.ActiveCfg = Debug|Any CPU
		{919F636B-EAF4-42D8-90A9-A5CF64F15DDE}.Debug|Any CPU.Build.0 = Debug|Any CPU
		{919F636B-EAF4-42D8-90A9-A5CF64F15DDE}.Release|Any CPU.ActiveCfg = Release|Any CPU
		{919F636B-EAF4-42D8-90A9-A5CF64F15DDE}.Release|Any CPU.Build.0 = Release|Any CPU
	EndGlobalSection
	GlobalSection(SolutionProperties) = preSolution
		HideSolutionNode = FALSE
	EndGlobalSection
	GlobalSection(ExtensibilityGlobals) = postSolution
		SolutionGuid = {70AE7F61-717B-47EE-84C2-D96FCC3B33BB}
	EndGlobalSection
EndGlobal
